
Microsoft Visual Studio Solution File, Format Version 12.00
# Visual Studio Version 17
VisualStudioVersion = 17.12.35527.113 d17.12
MinimumVisualStudioVersion = 10.0.40219.1
Project("{FAE04EC0-301F-11D3-BF4B-00C04F79EFBC}") = "AdPlatformLocatorApi", "AdPlatformLocator\AdPlatformLocatorApi.csproj", "{D4B1B623-3C40-4FBE-AC7E-528A7CDFBD87}"
EndProject
Project("{FAE04EC0-301F-11D3-BF4B-00C04F79EFBC}") = "AdPlatformLocatorApiTests", "AdPlatformLocatorApiTests\AdPlatformLocatorApiTests.csproj", "{EBE2709A-75A3-47BB-9950-B9146D935E9A}"
EndProject
Global
	GlobalSection(SolutionConfigurationPlatforms) = preSolution
		Debug|Any CPU = Debug|Any CPU
		Release|Any CPU = Release|Any CPU
	EndGlobalSection
	GlobalSection(ProjectConfigurationPlatforms) = postSolution
		{D4B1B623-3C40-4FBE-AC7E-528A7CDFBD87}.Debug|Any CPU.ActiveCfg = Debug|Any CPU
		{D4B1B623-3C40-4FBE-AC7E-528A7CDFBD87}.Debug|Any CPU.Build.0 = Debug|Any CPU
		{D4B1B623-3C40-4FBE-AC7E-528A7CDFBD87}.Release|Any CPU.ActiveCfg = Release|Any CPU
		{D4B1B623-3C40-4FBE-AC7E-528A7CDFBD87}.Release|Any CPU.Build.0 = Release|Any CPU
		{EBE2709A-75A3-47BB-9950-B9146D935E9A}.Debug|Any CPU.ActiveCfg = Debug|Any CPU
		{EBE2709A-75A3-47BB-9950-B9146D935E9A}.Debug|Any CPU.Build.0 = Debug|Any CPU
		{EBE2709A-75A3-47BB-9950-B9146D935E9A}.Release|Any CPU.ActiveCfg = Release|Any CPU
		{EBE2709A-75A3-47BB-9950-B9146D935E9A}.Release|Any CPU.Build.0 = Release|Any CPU
	EndGlobalSection
	GlobalSection(SolutionProperties) = preSolution
		HideSolutionNode = FALSE
	EndGlobalSection
EndGlobal
